
Microsoft Visual Studio Solution File, Format Version 12.00
# Visual Studio Version 16
VisualStudioVersion = 16.0.31005.135
MinimumVisualStudioVersion = 10.0.40219.1
Project("{FAE04EC0-301F-11D3-BF4B-00C04F79EFBC}") = "Library.Test", "Library.Test\Library.Test.csproj", "{1B3D9E2A-E40F-4C0E-A75B-068FE86FE2A4}"
EndProject
Project("{FAE04EC0-301F-11D3-BF4B-00C04F79EFBC}") = "Funzioni", "Funzioni\Funzioni.csproj", "{A5F657DC-B03E-447F-AB48-E5CBE9152A0C}"
EndProject
Global
	GlobalSection(SolutionConfigurationPlatforms) = preSolution
		Debug|Any CPU = Debug|Any CPU
		Release|Any CPU = Release|Any CPU
	EndGlobalSection
	GlobalSection(ProjectConfigurationPlatforms) = postSolution
		{1B3D9E2A-E40F-4C0E-A75B-068FE86FE2A4}.Debug|Any CPU.ActiveCfg = Debug|Any CPU
		{1B3D9E2A-E40F-4C0E-A75B-068FE86FE2A4}.Debug|Any CPU.Build.0 = Debug|Any CPU
		{1B3D9E2A-E40F-4C0E-A75B-068FE86FE2A4}.Release|Any CPU.ActiveCfg = Release|Any CPU
		{1B3D9E2A-E40F-4C0E-A75B-068FE86FE2A4}.Release|Any CPU.Build.0 = Release|Any CPU
		{A5F657DC-B03E-447F-AB48-E5CBE9152A0C}.Debug|Any CPU.ActiveCfg = Debug|Any CPU
		{A5F657DC-B03E-447F-AB48-E5CBE9152A0C}.Debug|Any CPU.Build.0 = Debug|Any CPU
		{A5F657DC-B03E-447F-AB48-E5CBE9152A0C}.Release|Any CPU.ActiveCfg = Release|Any CPU
		{A5F657DC-B03E-447F-AB48-E5CBE9152A0C}.Release|Any CPU.Build.0 = Release|Any CPU
	EndGlobalSection
	GlobalSection(SolutionProperties) = preSolution
		HideSolutionNode = FALSE
	EndGlobalSection
	GlobalSection(ExtensibilityGlobals) = postSolution
		SolutionGuid = {94602B7A-4608-4995-A794-65B2442AE943}
	EndGlobalSection
EndGlobal
